# This file is autogenerated, do not edit; changes may be undone by the next 'dep ensure'.


[[projects]]
  name = "github.com/json-iterator/go"
  packages = ["."]
  revision = "28452fcdec4e44348d2af0d91d1e9e38da3a9e0a"
  version = "1.0.5"

[solve-meta]
  analyzer-name = "dep"
  analyzer-version = 1
  inputs-digest = "15ed64bba2508f9a4b924e6f1078f2185802778bb17ba8c3b5678e0c9cd3ea8c"
  solver-name = "gps-cdcl"
  solver-version = 1
